
Microsoft Visual Studio Solution File, Format Version 12.00
# Visual Studio 15
VisualStudioVersion = 15.0.28010.2050
MinimumVisualStudioVersion = 10.0.40219.1
Project("{F184B08F-C81C-45F6-A57F-5ABD9991F28F}") = "FIL", "FIL\FIL.vbproj", "{105D3138-11D3-4725-848C-D072F13E3CB0}"
EndProject
Global
	GlobalSection(SolutionConfigurationPlatforms) = preSolution
		Debug|Any CPU = Debug|Any CPU
		Release|Any CPU = Release|Any CPU
	EndGlobalSection
	GlobalSection(ProjectConfigurationPlatforms) = postSolution
		{105D3138-11D3-4725-848C-D072F13E3CB0}.Debug|Any CPU.ActiveCfg = Debug|Any CPU
		{105D3138-11D3-4725-848C-D072F13E3CB0}.Debug|Any CPU.Build.0 = Debug|Any CPU
		{105D3138-11D3-4725-848C-D072F13E3CB0}.Release|Any CPU.ActiveCfg = Release|Any CPU
		{105D3138-11D3-4725-848C-D072F13E3CB0}.Release|Any CPU.Build.0 = Release|Any CPU
	EndGlobalSection
	GlobalSection(SolutionProperties) = preSolution
		HideSolutionNode = FALSE
	EndGlobalSection
	GlobalSection(ExtensibilityGlobals) = postSolution
		SolutionGuid = {52F2F197-665F-4084-9835-C346D6731191}
	EndGlobalSection
EndGlobal
