
Microsoft Visual Studio Solution File, Format Version 12.00
# Visual Studio 15
VisualStudioVersion = 15.0.28307.106
MinimumVisualStudioVersion = 10.0.40219.1
Project("{F184B08F-C81C-45F6-A57F-5ABD9991F28F}") = "FIL-2", "FIL-2\FIL-2.vbproj", "{B0DD78DD-AB59-41D4-97F4-F65319C9CA10}"
EndProject
Global
	GlobalSection(SolutionConfigurationPlatforms) = preSolution
		Debug|Any CPU = Debug|Any CPU
		Release|Any CPU = Release|Any CPU
	EndGlobalSection
	GlobalSection(ProjectConfigurationPlatforms) = postSolution
		{B0DD78DD-AB59-41D4-97F4-F65319C9CA10}.Debug|Any CPU.ActiveCfg = Debug|Any CPU
		{B0DD78DD-AB59-41D4-97F4-F65319C9CA10}.Debug|Any CPU.Build.0 = Debug|Any CPU
		{B0DD78DD-AB59-41D4-97F4-F65319C9CA10}.Release|Any CPU.ActiveCfg = Release|Any CPU
		{B0DD78DD-AB59-41D4-97F4-F65319C9CA10}.Release|Any CPU.Build.0 = Release|Any CPU
	EndGlobalSection
	GlobalSection(SolutionProperties) = preSolution
		HideSolutionNode = FALSE
	EndGlobalSection
	GlobalSection(ExtensibilityGlobals) = postSolution
		SolutionGuid = {7D722953-FA92-4B18-8EB2-BF3EA44CA857}
	EndGlobalSection
EndGlobal
